// !$*UTF8*$!
{
	archiveVersion = 1;
	classes = {
	};
	objectVersion = 77;
	objects = {

/* Begin PBXBuildFile section */
		E5284B9E2D58E18F00A3D37B /* Lighter in Frameworks */ = {isa = PBXBuildFile; productRef = E5284B9D2D58E18F00A3D37B /* Lighter */; };
		E52B19B62D4BBC520053DBA3 /* AsyncHTTPClient in Frameworks */ = {isa = PBXBuildFile; productRef = E52B19B52D4BBC520053DBA3 /* AsyncHTTPClient */; };
		E5B5A7942D4BC003009DA117 /* AsyncHTTPClient in Frameworks */ = {isa = PBXBuildFile; productRef = E5B5A7932D4BC003009DA117 /* AsyncHTTPClient */; };
/* End PBXBuildFile section */

/* Begin PBXContainerItemProxy section */
		E5B5A78D2D4BBEC4009DA117 /* PBXContainerItemProxy */ = {
			isa = PBXContainerItemProxy;
			containerPortal = E56E37A02D4BB8F000E94D77 /* Project object */;
			proxyType = 1;
			remoteGlobalIDString = E56E37A72D4BB8F000E94D77;
			remoteInfo = pinkponk;
		};
/* End PBXContainerItemProxy section */

/* Begin PBXFileReference section */
		E56E37A82D4BB8F000E94D77 /* pinkponk.app */ = {isa = PBXFileReference; explicitFileType = wrapper.application; includeInIndex = 0; path = pinkponk.app; sourceTree = BUILT_PRODUCTS_DIR; };
		E5B5A7892D4BBEC4009DA117 /* tests.xctest */ = {isa = PBXFileReference; explicitFileType = wrapper.cfbundle; includeInIndex = 0; path = tests.xctest; sourceTree = BUILT_PRODUCTS_DIR; };
/* End PBXFileReference section */

/* Begin PBXFileSystemSynchronizedBuildFileExceptionSet section */
		E5284BA92D58E37000A3D37B /* Exceptions for "pinkponk" folder in "pinkponk" target */ = {
			isa = PBXFileSystemSynchronizedBuildFileExceptionSet;
			membershipExceptions = (
				db/schema.sqlschema,
			);
			target = E56E37A72D4BB8F000E94D77 /* pinkponk */;
		};
/* End PBXFileSystemSynchronizedBuildFileExceptionSet section */

/* Begin PBXFileSystemSynchronizedRootGroup section */
		E50F84C32D4BB923003A308E /* pinkponk */ = {
			isa = PBXFileSystemSynchronizedRootGroup;
			exceptions = (
				E5284BA92D58E37000A3D37B /* Exceptions for "pinkponk" folder in "pinkponk" target */,
			);
			path = pinkponk;
			sourceTree = "<group>";
		};
		E5B5A78A2D4BBEC4009DA117 /* tests */ = {
			isa = PBXFileSystemSynchronizedRootGroup;
			path = tests;
			sourceTree = "<group>";
		};
/* End PBXFileSystemSynchronizedRootGroup section */

/* Begin PBXFrameworksBuildPhase section */
		E56E37A52D4BB8F000E94D77 /* Frameworks */ = {
			isa = PBXFrameworksBuildPhase;
			buildActionMask = 2147483647;
			files = (
				E5284B9E2D58E18F00A3D37B /* Lighter in Frameworks */,
				E52B19B62D4BBC520053DBA3 /* AsyncHTTPClient in Frameworks */,
			);
			runOnlyForDeploymentPostprocessing = 0;
		};
		E5B5A7862D4BBEC4009DA117 /* Frameworks */ = {
			isa = PBXFrameworksBuildPhase;
			buildActionMask = 2147483647;
			files = (
				E5B5A7942D4BC003009DA117 /* AsyncHTTPClient in Frameworks */,
			);
			runOnlyForDeploymentPostprocessing = 0;
		};
/* End PBXFrameworksBuildPhase section */

/* Begin PBXGroup section */
		E56E379F2D4BB8F000E94D77 = {
			isa = PBXGroup;
			children = (
				E50F84C32D4BB923003A308E /* pinkponk */,
				E5B5A78A2D4BBEC4009DA117 /* tests */,
				E56E37A92D4BB8F000E94D77 /* Products */,
			);
			sourceTree = "<group>";
		};
		E56E37A92D4BB8F000E94D77 /* Products */ = {
			isa = PBXGroup;
			children = (
				E56E37A82D4BB8F000E94D77 /* pinkponk.app */,
				E5B5A7892D4BBEC4009DA117 /* tests.xctest */,
			);
			name = Products;
			sourceTree = "<group>";
		};
/* End PBXGroup section */

/* Begin PBXNativeTarget section */
		E56E37A72D4BB8F000E94D77 /* pinkponk */ = {
			isa = PBXNativeTarget;
			buildConfigurationList = E56E37B72D4BB8F100E94D77 /* Build configuration list for PBXNativeTarget "pinkponk" */;
			buildPhases = (
				E56E37A42D4BB8F000E94D77 /* Sources */,
				E56E37A52D4BB8F000E94D77 /* Frameworks */,
				E56E37A62D4BB8F000E94D77 /* Resources */,
			);
			buildRules = (
			);
			dependencies = (
				E5284BA02D58E1D100A3D37B /* PBXTargetDependency */,
			);
			fileSystemSynchronizedGroups = (
				E50F84C32D4BB923003A308E /* pinkponk */,
			);
			name = pinkponk;
			packageProductDependencies = (
				E52B19B52D4BBC520053DBA3 /* AsyncHTTPClient */,
				E5284B9D2D58E18F00A3D37B /* Lighter */,
			);
			productName = pinkponk;
			productReference = E56E37A82D4BB8F000E94D77 /* pinkponk.app */;
			productType = "com.apple.product-type.application";
		};
		E5B5A7882D4BBEC4009DA117 /* tests */ = {
			isa = PBXNativeTarget;
			buildConfigurationList = E5B5A7912D4BBEC4009DA117 /* Build configuration list for PBXNativeTarget "tests" */;
			buildPhases = (
				E5B5A7852D4BBEC4009DA117 /* Sources */,
				E5B5A7862D4BBEC4009DA117 /* Frameworks */,
				E5B5A7872D4BBEC4009DA117 /* Resources */,
			);
			buildRules = (
			);
			dependencies = (
				E5B5A78E2D4BBEC4009DA117 /* PBXTargetDependency */,
			);
			fileSystemSynchronizedGroups = (
				E5B5A78A2D4BBEC4009DA117 /* tests */,
			);
			name = tests;
			packageProductDependencies = (
				E5B5A7932D4BC003009DA117 /* AsyncHTTPClient */,
			);
			productName = tests;
			productReference = E5B5A7892D4BBEC4009DA117 /* tests.xctest */;
			productType = "com.apple.product-type.bundle.unit-test";
		};
/* End PBXNativeTarget section */

/* Begin PBXProject section */
		E56E37A02D4BB8F000E94D77 /* Project object */ = {
			isa = PBXProject;
			attributes = {
				BuildIndependentTargetsInParallel = 1;
				KnownAssetTags = (
					New,
				);
				LastSwiftUpdateCheck = 1620;
				LastUpgradeCheck = 1620;
				TargetAttributes = {
					E56E37A72D4BB8F000E94D77 = {
						CreatedOnToolsVersion = 16.2;
					};
					E5B5A7882D4BBEC4009DA117 = {
						CreatedOnToolsVersion = 16.2;
						TestTargetID = E56E37A72D4BB8F000E94D77;
					};
				};
			};
			buildConfigurationList = E56E37A32D4BB8F000E94D77 /* Build configuration list for PBXProject "pinkponk" */;
			developmentRegion = en;
			hasScannedForEncodings = 0;
			knownRegions = (
				en,
				Base,
			);
			mainGroup = E56E379F2D4BB8F000E94D77;
			minimizedProjectReferenceProxies = 1;
			packageReferences = (
				E52B19B42D4BBC520053DBA3 /* XCRemoteSwiftPackageReference "async-http-client" */,
				E5284B9C2D58E18F00A3D37B /* XCRemoteSwiftPackageReference "Lighter" */,
			);
			preferredProjectObjectVersion = 77;
			productRefGroup = E56E37A92D4BB8F000E94D77 /* Products */;
			projectDirPath = "";
			projectRoot = "";
			targets = (
				E56E37A72D4BB8F000E94D77 /* pinkponk */,
				E5B5A7882D4BBEC4009DA117 /* tests */,
			);
		};
/* End PBXProject section */

/* Begin PBXResourcesBuildPhase section */
		E56E37A62D4BB8F000E94D77 /* Resources */ = {
			isa = PBXResourcesBuildPhase;
			buildActionMask = 2147483647;
			files = (
			);
			runOnlyForDeploymentPostprocessing = 0;
		};
		E5B5A7872D4BBEC4009DA117 /* Resources */ = {
			isa = PBXResourcesBuildPhase;
			buildActionMask = 2147483647;
			files = (
			);
			runOnlyForDeploymentPostprocessing = 0;
		};
/* End PBXResourcesBuildPhase section */

/* Begin PBXSourcesBuildPhase section */
		E56E37A42D4BB8F000E94D77 /* Sources */ = {
			isa = PBXSourcesBuildPhase;
			buildActionMask = 2147483647;
			files = (
			);
			runOnlyForDeploymentPostprocessing = 0;
		};
		E5B5A7852D4BBEC4009DA117 /* Sources */ = {
			isa = PBXSourcesBuildPhase;
			buildActionMask = 2147483647;
			files = (
			);
			runOnlyForDeploymentPostprocessing = 0;
		};
/* End PBXSourcesBuildPhase section */

/* Begin PBXTargetDependency section */
		E5284BA02D58E1D100A3D37B /* PBXTargetDependency */ = {
			isa = PBXTargetDependency;
			productRef = E5284B9F2D58E1D100A3D37B /* Enlighter */;
		};
		E5B5A78E2D4BBEC4009DA117 /* PBXTargetDependency */ = {
			isa = PBXTargetDependency;
			target = E56E37A72D4BB8F000E94D77 /* pinkponk */;
			targetProxy = E5B5A78D2D4BBEC4009DA117 /* PBXContainerItemProxy */;
		};
/* End PBXTargetDependency section */

/* Begin XCBuildConfiguration section */
		E56E37B52D4BB8F100E94D77 /* Debug */ = {
			isa = XCBuildConfiguration;
			buildSettings = {
				ALWAYS_SEARCH_USER_PATHS = NO;
				ASSETCATALOG_COMPILER_GENERATE_SWIFT_ASSET_SYMBOL_EXTENSIONS = YES;
				CLANG_ANALYZER_NONNULL = YES;
				CLANG_ANALYZER_NUMBER_OBJECT_CONVERSION = YES_AGGRESSIVE;
				CLANG_CXX_LANGUAGE_STANDARD = "gnu++20";
				CLANG_ENABLE_MODULES = YES;
				CLANG_ENABLE_OBJC_ARC = YES;
				CLANG_ENABLE_OBJC_WEAK = YES;
				CLANG_WARN_BLOCK_CAPTURE_AUTORELEASING = YES;
				CLANG_WARN_BOOL_CONVERSION = YES;
				CLANG_WARN_COMMA = YES;
				CLANG_WARN_CONSTANT_CONVERSION = YES;
				CLANG_WARN_DEPRECATED_OBJC_IMPLEMENTATIONS = YES;
				CLANG_WARN_DIRECT_OBJC_ISA_USAGE = YES_ERROR;
				CLANG_WARN_DOCUMENTATION_COMMENTS = YES;
				CLANG_WARN_EMPTY_BODY = YES;
				CLANG_WARN_ENUM_CONVERSION = YES;
				CLANG_WARN_INFINITE_RECURSION = YES;
				CLANG_WARN_INT_CONVERSION = YES;
				CLANG_WARN_NON_LITERAL_NULL_CONVERSION = YES;
				CLANG_WARN_OBJC_IMPLICIT_RETAIN_SELF = YES;
				CLANG_WARN_OBJC_LITERAL_CONVERSION = YES;
				CLANG_WARN_OBJC_ROOT_CLASS = YES_ERROR;
				CLANG_WARN_QUOTED_INCLUDE_IN_FRAMEWORK_HEADER = YES;
				CLANG_WARN_RANGE_LOOP_ANALYSIS = YES;
				CLANG_WARN_STRICT_PROTOTYPES = YES;
				CLANG_WARN_SUSPICIOUS_MOVE = YES;
				CLANG_WARN_UNGUARDED_AVAILABILITY = YES_AGGRESSIVE;
				CLANG_WARN_UNREACHABLE_CODE = YES;
				CLANG_WARN__DUPLICATE_METHOD_MATCH = YES;
				COPY_PHASE_STRIP = NO;
				DEBUG_INFORMATION_FORMAT = dwarf;
				ENABLE_STRICT_OBJC_MSGSEND = YES;
				ENABLE_TESTABILITY = YES;
				ENABLE_USER_SCRIPT_SANDBOXING = YES;
				GCC_C_LANGUAGE_STANDARD = gnu17;
				GCC_DYNAMIC_NO_PIC = NO;
				GCC_NO_COMMON_BLOCKS = YES;
				GCC_OPTIMIZATION_LEVEL = 0;
				GCC_PREPROCESSOR_DEFINITIONS = (
					"DEBUG=1",
					"$(inherited)",
				);
				GCC_WARN_64_TO_32_BIT_CONVERSION = YES;
				GCC_WARN_ABOUT_RETURN_TYPE = YES_ERROR;
				GCC_WARN_UNDECLARED_SELECTOR = YES;
				GCC_WARN_UNINITIALIZED_AUTOS = YES_AGGRESSIVE;
				GCC_WARN_UNUSED_FUNCTION = YES;
				GCC_WARN_UNUSED_VARIABLE = YES;
				LOCALIZATION_PREFERS_STRING_CATALOGS = YES;
				MACOSX_DEPLOYMENT_TARGET = 15.1;
				MTL_ENABLE_DEBUG_INFO = INCLUDE_SOURCE;
				MTL_FAST_MATH = YES;
				ONLY_ACTIVE_ARCH = YES;
				SDKROOT = macosx;
				SWIFT_ACTIVE_COMPILATION_CONDITIONS = "DEBUG $(inherited)";
				SWIFT_OPTIMIZATION_LEVEL = "-Onone";
			};
			name = Debug;
		};
		E56E37B62D4BB8F100E94D77 /* Release */ = {
			isa = XCBuildConfiguration;
			buildSettings = {
				ALWAYS_SEARCH_USER_PATHS = NO;
				ASSETCATALOG_COMPILER_GENERATE_SWIFT_ASSET_SYMBOL_EXTENSIONS = YES;
				CLANG_ANALYZER_NONNULL = YES;
				CLANG_ANALYZER_NUMBER_OBJECT_CONVERSION = YES_AGGRESSIVE;
				CLANG_CXX_LANGUAGE_STANDARD = "gnu++20";
				CLANG_ENABLE_MODULES = YES;
				CLANG_ENABLE_OBJC_ARC = YES;
				CLANG_ENABLE_OBJC_WEAK = YES;
				CLANG_WARN_BLOCK_CAPTURE_AUTORELEASING = YES;
				CLANG_WARN_BOOL_CONVERSION = YES;
				CLANG_WARN_COMMA = YES;
				CLANG_WARN_CONSTANT_CONVERSION = YES;
				CLANG_WARN_DEPRECATED_OBJC_IMPLEMENTATIONS = YES;
				CLANG_WARN_DIRECT_OBJC_ISA_USAGE = YES_ERROR;
				CLANG_WARN_DOCUMENTATION_COMMENTS = YES;
				CLANG_WARN_EMPTY_BODY = YES;
				CLANG_WARN_ENUM_CONVERSION = YES;
				CLANG_WARN_INFINITE_RECURSION = YES;
				CLANG_WARN_INT_CONVERSION = YES;
				CLANG_WARN_NON_LITERAL_NULL_CONVERSION = YES;
				CLANG_WARN_OBJC_IMPLICIT_RETAIN_SELF = YES;
				CLANG_WARN_OBJC_LITERAL_CONVERSION = YES;
				CLANG_WARN_OBJC_ROOT_CLASS = YES_ERROR;
				CLANG_WARN_QUOTED_INCLUDE_IN_FRAMEWORK_HEADER = YES;
				CLANG_WARN_RANGE_LOOP_ANALYSIS = YES;
				CLANG_WARN_STRICT_PROTOTYPES = YES;
				CLANG_WARN_SUSPICIOUS_MOVE = YES;
				CLANG_WARN_UNGUARDED_AVAILABILITY = YES_AGGRESSIVE;
				CLANG_WARN_UNREACHABLE_CODE = YES;
				CLANG_WARN__DUPLICATE_METHOD_MATCH = YES;
				COPY_PHASE_STRIP = NO;
				DEBUG_INFORMATION_FORMAT = "dwarf-with-dsym";
				ENABLE_NS_ASSERTIONS = NO;
				ENABLE_STRICT_OBJC_MSGSEND = YES;
				ENABLE_USER_SCRIPT_SANDBOXING = YES;
				GCC_C_LANGUAGE_STANDARD = gnu17;
				GCC_NO_COMMON_BLOCKS = YES;
				GCC_WARN_64_TO_32_BIT_CONVERSION = YES;
				GCC_WARN_ABOUT_RETURN_TYPE = YES_ERROR;
				GCC_WARN_UNDECLARED_SELECTOR = YES;
				GCC_WARN_UNINITIALIZED_AUTOS = YES_AGGRESSIVE;
				GCC_WARN_UNUSED_FUNCTION = YES;
				GCC_WARN_UNUSED_VARIABLE = YES;
				LOCALIZATION_PREFERS_STRING_CATALOGS = YES;
				MACOSX_DEPLOYMENT_TARGET = 15.1;
				MTL_ENABLE_DEBUG_INFO = NO;
				MTL_FAST_MATH = YES;
				SDKROOT = macosx;
				SWIFT_COMPILATION_MODE = wholemodule;
			};
			name = Release;
		};
		E56E37B82D4BB8F100E94D77 /* Debug */ = {
			isa = XCBuildConfiguration;
			buildSettings = {
				ASSETCATALOG_COMPILER_APPICON_NAME = AppIcon;
				ASSETCATALOG_COMPILER_GLOBAL_ACCENT_COLOR_NAME = AccentColor;
				CODE_SIGN_ENTITLEMENTS = pinkponk/pinkponk.entitlements;
				CODE_SIGN_STYLE = Automatic;
				COMBINE_HIDPI_IMAGES = YES;
				CURRENT_PROJECT_VERSION = 1;
				DEVELOPMENT_ASSET_PATHS = "pinkponk/Preview\\ Content";
				ENABLE_PREVIEWS = YES;
				GENERATE_INFOPLIST_FILE = YES;
				INFOPLIST_KEY_NSHumanReadableCopyright = "";
				LD_RUNPATH_SEARCH_PATHS = (
					"$(inherited)",
					"@executable_path/../Frameworks",
				);
				MACOSX_DEPLOYMENT_TARGET = 15.0;
				MARKETING_VERSION = 1.0;
				PRODUCT_BUNDLE_IDENTIFIER = hazn.pinkponk;
				PRODUCT_NAME = "$(TARGET_NAME)";
				SWIFT_EMIT_LOC_STRINGS = YES;
				SWIFT_STRICT_CONCURRENCY = complete;
				SWIFT_UPCOMING_FEATURE_GLOBAL_CONCURRENCY = YES;
				SWIFT_VERSION = 6.0;
				_EXPERIMENTAL_SWIFT_EXPLICIT_MODULES = YES;
			};
			name = Debug;
		};
		E56E37B92D4BB8F100E94D77 /* Release */ = {
			isa = XCBuildConfiguration;
			buildSettings = {
				ASSETCATALOG_COMPILER_APPICON_NAME = AppIcon;
				ASSETCATALOG_COMPILER_GLOBAL_ACCENT_COLOR_NAME = AccentColor;
				CODE_SIGN_ENTITLEMENTS = pinkponk/pinkponk.entitlements;
				CODE_SIGN_STYLE = Automatic;
				COMBINE_HIDPI_IMAGES = YES;
				CURRENT_PROJECT_VERSION = 1;
				DEVELOPMENT_ASSET_PATHS = "pinkponk/Preview\\ Content";
				ENABLE_PREVIEWS = YES;
				GENERATE_INFOPLIST_FILE = YES;
				INFOPLIST_KEY_NSHumanReadableCopyright = "";
				LD_RUNPATH_SEARCH_PATHS = (
					"$(inherited)",
					"@executable_path/../Frameworks",
				);
				MACOSX_DEPLOYMENT_TARGET = 15.0;
				MARKETING_VERSION = 1.0;
				PRODUCT_BUNDLE_IDENTIFIER = hazn.pinkponk;
				PRODUCT_NAME = "$(TARGET_NAME)";
				SWIFT_EMIT_LOC_STRINGS = YES;
				SWIFT_STRICT_CONCURRENCY = complete;
				SWIFT_UPCOMING_FEATURE_GLOBAL_CONCURRENCY = YES;
				SWIFT_VERSION = 6.0;
				_EXPERIMENTAL_SWIFT_EXPLICIT_MODULES = YES;
			};
			name = Release;
		};
		E5B5A78F2D4BBEC4009DA117 /* Debug */ = {
			isa = XCBuildConfiguration;
			buildSettings = {
				BUNDLE_LOADER = "$(TEST_HOST)";
				CODE_SIGN_STYLE = Automatic;
				CURRENT_PROJECT_VERSION = 1;
				GENERATE_INFOPLIST_FILE = YES;
				MARKETING_VERSION = 1.0;
				PRODUCT_BUNDLE_IDENTIFIER = hazn.tests;
				PRODUCT_NAME = "$(TARGET_NAME)";
				SWIFT_EMIT_LOC_STRINGS = NO;
				SWIFT_VERSION = 6.0;
				TEST_HOST = "$(BUILT_PRODUCTS_DIR)/pinkponk.app/$(BUNDLE_EXECUTABLE_FOLDER_PATH)/pinkponk";
				_EXPERIMENTAL_SWIFT_EXPLICIT_MODULES = YES;
			};
			name = Debug;
		};
		E5B5A7902D4BBEC4009DA117 /* Release */ = {
			isa = XCBuildConfiguration;
			buildSettings = {
				BUNDLE_LOADER = "$(TEST_HOST)";
				CODE_SIGN_STYLE = Automatic;
				CURRENT_PROJECT_VERSION = 1;
				GENERATE_INFOPLIST_FILE = YES;
				MARKETING_VERSION = 1.0;
				PRODUCT_BUNDLE_IDENTIFIER = hazn.tests;
				PRODUCT_NAME = "$(TARGET_NAME)";
				SWIFT_EMIT_LOC_STRINGS = NO;
				SWIFT_VERSION = 6.0;
				TEST_HOST = "$(BUILT_PRODUCTS_DIR)/pinkponk.app/$(BUNDLE_EXECUTABLE_FOLDER_PATH)/pinkponk";
				_EXPERIMENTAL_SWIFT_EXPLICIT_MODULES = YES;
			};
			name = Release;
		};
/* End XCBuildConfiguration section */

/* Begin XCConfigurationList section */
		E56E37A32D4BB8F000E94D77 /* Build configuration list for PBXProject "pinkponk" */ = {
			isa = XCConfigurationList;
			buildConfigurations = (
				E56E37B52D4BB8F100E94D77 /* Debug */,
				E56E37B62D4BB8F100E94D77 /* Release */,
			);
			defaultConfigurationIsVisible = 0;
			defaultConfigurationName = Release;
		};
		E56E37B72D4BB8F100E94D77 /* Build configuration list for PBXNativeTarget "pinkponk" */ = {
			isa = XCConfigurationList;
			buildConfigurations = (
				E56E37B82D4BB8F100E94D77 /* Debug */,
				E56E37B92D4BB8F100E94D77 /* Release */,
			);
			defaultConfigurationIsVisible = 0;
			defaultConfigurationName = Release;
		};
		E5B5A7912D4BBEC4009DA117 /* Build configuration list for PBXNativeTarget "tests" */ = {
			isa = XCConfigurationList;
			buildConfigurations = (
				E5B5A78F2D4BBEC4009DA117 /* Debug */,
				E5B5A7902D4BBEC4009DA117 /* Release */,
			);
			defaultConfigurationIsVisible = 0;
			defaultConfigurationName = Release;
		};
/* End XCConfigurationList section */

/* Begin XCRemoteSwiftPackageReference section */
		E5284B9C2D58E18F00A3D37B /* XCRemoteSwiftPackageReference "Lighter" */ = {
			isa = XCRemoteSwiftPackageReference;
			repositoryURL = "https://github.com/Lighter-swift/Lighter";
			requirement = {
				kind = upToNextMajorVersion;
				minimumVersion = 1.4.10;
			};
		};
		E52B19B42D4BBC520053DBA3 /* XCRemoteSwiftPackageReference "async-http-client" */ = {
			isa = XCRemoteSwiftPackageReference;
			repositoryURL = "https://github.com/swift-server/async-http-client";
			requirement = {
				kind = upToNextMajorVersion;
				minimumVersion = 1.24.2;
			};
		};
/* End XCRemoteSwiftPackageReference section */

/* Begin XCSwiftPackageProductDependency section */
		E5284B9D2D58E18F00A3D37B /* Lighter */ = {
			isa = XCSwiftPackageProductDependency;
			package = E5284B9C2D58E18F00A3D37B /* XCRemoteSwiftPackageReference "Lighter" */;
			productName = Lighter;
		};
		E5284B9F2D58E1D100A3D37B /* Enlighter */ = {
			isa = XCSwiftPackageProductDependency;
			package = E5284B9C2D58E18F00A3D37B /* XCRemoteSwiftPackageReference "Lighter" */;
			productName = "plugin:Enlighter";
		};
		E52B19B52D4BBC520053DBA3 /* AsyncHTTPClient */ = {
			isa = XCSwiftPackageProductDependency;
			package = E52B19B42D4BBC520053DBA3 /* XCRemoteSwiftPackageReference "async-http-client" */;
			productName = AsyncHTTPClient;
		};
		E5B5A7932D4BC003009DA117 /* AsyncHTTPClient */ = {
			isa = XCSwiftPackageProductDependency;
			package = E52B19B42D4BBC520053DBA3 /* XCRemoteSwiftPackageReference "async-http-client" */;
			productName = AsyncHTTPClient;
		};
/* End XCSwiftPackageProductDependency section */
	};
	rootObject = E56E37A02D4BB8F000E94D77 /* Project object */;
}
